
Microsoft Visual Studio Solution File, Format Version 12.00
# Visual Studio Version 17
VisualStudioVersion = 17.2.32519.379
MinimumVisualStudioVersion = 10.0.40219.1
Project("{9A19103F-16F7-4668-BE54-9A1E7A4F7556}") = "Domain.Core", "Domain.Core\Domain.Core.csproj", "{17E67E8C-72B7-4124-BD79-BC59A84A855B}"
EndProject
Project("{9A19103F-16F7-4668-BE54-9A1E7A4F7556}") = "Infrastructure.CrossCutting", "Infrastructure.CrossCutting\Infrastructure.CrossCutting.csproj", "{3EF5AE26-3C67-438F-8B3D-2D081D723034}"
EndProject
Project("{2150E333-8FDC-42A3-9474-1A3956D46DE8}") = "1.2 - Domain", "1.2 - Domain", "{0671A9D2-ADD3-4889-9030-C5771109362E}"
EndProject
Project("{2150E333-8FDC-42A3-9474-1A3956D46DE8}") = "1.3 - Infraestructure", "1.3 - Infraestructure", "{4E76F1E9-2F38-41D5-A969-59FF39D9A78C}"
EndProject
Project("{2150E333-8FDC-42A3-9474-1A3956D46DE8}") = "1.3.2 - CrossCutting", "1.3.2 - CrossCutting", "{4E0B17B7-536A-4D7D-A5F9-594CDD0059AE}"
EndProject
Project("{2150E333-8FDC-42A3-9474-1A3956D46DE8}") = "1.3.1 - Data", "1.3.1 - Data", "{3B78E86C-6631-4EC1-BF2D-EEEEFB45655B}"
EndProject
Project("{9A19103F-16F7-4668-BE54-9A1E7A4F7556}") = "Infrastructure.Data.MainModule", "Infrastructure.Data.MainModule\Infrastructure.Data.MainModule.csproj", "{E03B6200-0AA5-4619-9DF6-CCAB0D93CB88}"
EndProject
Project("{9A19103F-16F7-4668-BE54-9A1E7A4F7556}") = "Domain.MainModule", "Domain.MainModule\Domain.MainModule.csproj", "{EBA11FCE-89D8-41E8-ACCA-FA6875F402FA}"
EndProject
Project("{2150E333-8FDC-42A3-9474-1A3956D46DE8}") = "1.1 - Application", "1.1 - Application", "{B896B789-AF6E-4FF8-A1D3-82E3D60DF48E}"
EndProject
Project("{9A19103F-16F7-4668-BE54-9A1E7A4F7556}") = "Application.Core", "Application.Core\Application.Core.csproj", "{BDD4D553-8B25-4D1E-AC93-2FE60D867914}"
EndProject
Project("{9A19103F-16F7-4668-BE54-9A1E7A4F7556}") = "Application.Security", "Application.Security\Application.Security.csproj", "{DFD6994E-FECA-4C48-9C18-9DC081B9708D}"
EndProject
Project("{9A19103F-16F7-4668-BE54-9A1E7A4F7556}") = "Application.Dto", "Application.Dto\Application.Dto.csproj", "{C2F12145-876E-44C8-89A2-42A78CAF9218}"
EndProject
Project("{9A19103F-16F7-4668-BE54-9A1E7A4F7556}") = "Application.IoC", "Application.IoC\Application.IoC.csproj", "{8039190E-21A6-49BF-8E0F-C73E06F897F2}"
EndProject
Project("{9A19103F-16F7-4668-BE54-9A1E7A4F7556}") = "Application.MainModule", "Application.MainModule\Application.MainModule.csproj", "{AF0E16A7-2022-47AD-880E-00929434F499}"
EndProject
Project("{2150E333-8FDC-42A3-9474-1A3956D46DE8}") = "1.0 Services", "1.0 Services", "{0016A9F2-ACF5-4F14-A677-10893547B8DA}"
EndProject
Project("{9A19103F-16F7-4668-BE54-9A1E7A4F7556}") = "Distributed.Services", "Distributed.Services\Distributed.Services.csproj", "{2F6B0174-8A6E-4B59-B943-19A68B39F638}"
EndProject
Global
	GlobalSection(SolutionConfigurationPlatforms) = preSolution
		Debug|Any CPU = Debug|Any CPU
		Release|Any CPU = Release|Any CPU
	EndGlobalSection
	GlobalSection(ProjectConfigurationPlatforms) = postSolution
		{17E67E8C-72B7-4124-BD79-BC59A84A855B}.Debug|Any CPU.ActiveCfg = Debug|Any CPU
		{17E67E8C-72B7-4124-BD79-BC59A84A855B}.Debug|Any CPU.Build.0 = Debug|Any CPU
		{17E67E8C-72B7-4124-BD79-BC59A84A855B}.Release|Any CPU.ActiveCfg = Release|Any CPU
		{17E67E8C-72B7-4124-BD79-BC59A84A855B}.Release|Any CPU.Build.0 = Release|Any CPU
		{3EF5AE26-3C67-438F-8B3D-2D081D723034}.Debug|Any CPU.ActiveCfg = Debug|Any CPU
		{3EF5AE26-3C67-438F-8B3D-2D081D723034}.Debug|Any CPU.Build.0 = Debug|Any CPU
		{3EF5AE26-3C67-438F-8B3D-2D081D723034}.Release|Any CPU.ActiveCfg = Release|Any CPU
		{3EF5AE26-3C67-438F-8B3D-2D081D723034}.Release|Any CPU.Build.0 = Release|Any CPU
		{E03B6200-0AA5-4619-9DF6-CCAB0D93CB88}.Debug|Any CPU.ActiveCfg = Debug|Any CPU
		{E03B6200-0AA5-4619-9DF6-CCAB0D93CB88}.Debug|Any CPU.Build.0 = Debug|Any CPU
		{E03B6200-0AA5-4619-9DF6-CCAB0D93CB88}.Release|Any CPU.ActiveCfg = Release|Any CPU
		{E03B6200-0AA5-4619-9DF6-CCAB0D93CB88}.Release|Any CPU.Build.0 = Release|Any CPU
		{EBA11FCE-89D8-41E8-ACCA-FA6875F402FA}.Debug|Any CPU.ActiveCfg = Debug|Any CPU
		{EBA11FCE-89D8-41E8-ACCA-FA6875F402FA}.Debug|Any CPU.Build.0 = Debug|Any CPU
		{EBA11FCE-89D8-41E8-ACCA-FA6875F402FA}.Release|Any CPU.ActiveCfg = Release|Any CPU
		{EBA11FCE-89D8-41E8-ACCA-FA6875F402FA}.Release|Any CPU.Build.0 = Release|Any CPU
		{BDD4D553-8B25-4D1E-AC93-2FE60D867914}.Debug|Any CPU.ActiveCfg = Debug|Any CPU
		{BDD4D553-8B25-4D1E-AC93-2FE60D867914}.Debug|Any CPU.Build.0 = Debug|Any CPU
		{BDD4D553-8B25-4D1E-AC93-2FE60D867914}.Release|Any CPU.ActiveCfg = Release|Any CPU
		{BDD4D553-8B25-4D1E-AC93-2FE60D867914}.Release|Any CPU.Build.0 = Release|Any CPU
		{DFD6994E-FECA-4C48-9C18-9DC081B9708D}.Debug|Any CPU.ActiveCfg = Debug|Any CPU
		{DFD6994E-FECA-4C48-9C18-9DC081B9708D}.Debug|Any CPU.Build.0 = Debug|Any CPU
		{DFD6994E-FECA-4C48-9C18-9DC081B9708D}.Release|Any CPU.ActiveCfg = Release|Any CPU
		{DFD6994E-FECA-4C48-9C18-9DC081B9708D}.Release|Any CPU.Build.0 = Release|Any CPU
		{C2F12145-876E-44C8-89A2-42A78CAF9218}.Debug|Any CPU.ActiveCfg = Debug|Any CPU
		{C2F12145-876E-44C8-89A2-42A78CAF9218}.Debug|Any CPU.Build.0 = Debug|Any CPU
		{C2F12145-876E-44C8-89A2-42A78CAF9218}.Release|Any CPU.ActiveCfg = Release|Any CPU
		{C2F12145-876E-44C8-89A2-42A78CAF9218}.Release|Any CPU.Build.0 = Release|Any CPU
		{8039190E-21A6-49BF-8E0F-C73E06F897F2}.Debug|Any CPU.ActiveCfg = Debug|Any CPU
		{8039190E-21A6-49BF-8E0F-C73E06F897F2}.Debug|Any CPU.Build.0 = Debug|Any CPU
		{8039190E-21A6-49BF-8E0F-C73E06F897F2}.Release|Any CPU.ActiveCfg = Release|Any CPU
		{8039190E-21A6-49BF-8E0F-C73E06F897F2}.Release|Any CPU.Build.0 = Release|Any CPU
		{AF0E16A7-2022-47AD-880E-00929434F499}.Debug|Any CPU.ActiveCfg = Debug|Any CPU
		{AF0E16A7-2022-47AD-880E-00929434F499}.Debug|Any CPU.Build.0 = Debug|Any CPU
		{AF0E16A7-2022-47AD-880E-00929434F499}.Release|Any CPU.ActiveCfg = Release|Any CPU
		{AF0E16A7-2022-47AD-880E-00929434F499}.Release|Any CPU.Build.0 = Release|Any CPU
		{2F6B0174-8A6E-4B59-B943-19A68B39F638}.Debug|Any CPU.ActiveCfg = Debug|Any CPU
		{2F6B0174-8A6E-4B59-B943-19A68B39F638}.Debug|Any CPU.Build.0 = Debug|Any CPU
		{2F6B0174-8A6E-4B59-B943-19A68B39F638}.Release|Any CPU.ActiveCfg = Release|Any CPU
		{2F6B0174-8A6E-4B59-B943-19A68B39F638}.Release|Any CPU.Build.0 = Release|Any CPU
	EndGlobalSection
	GlobalSection(SolutionProperties) = preSolution
		HideSolutionNode = FALSE
	EndGlobalSection
	GlobalSection(NestedProjects) = preSolution
		{17E67E8C-72B7-4124-BD79-BC59A84A855B} = {0671A9D2-ADD3-4889-9030-C5771109362E}
		{3EF5AE26-3C67-438F-8B3D-2D081D723034} = {4E0B17B7-536A-4D7D-A5F9-594CDD0059AE}
		{4E0B17B7-536A-4D7D-A5F9-594CDD0059AE} = {4E76F1E9-2F38-41D5-A969-59FF39D9A78C}
		{3B78E86C-6631-4EC1-BF2D-EEEEFB45655B} = {4E76F1E9-2F38-41D5-A969-59FF39D9A78C}
		{E03B6200-0AA5-4619-9DF6-CCAB0D93CB88} = {3B78E86C-6631-4EC1-BF2D-EEEEFB45655B}
		{EBA11FCE-89D8-41E8-ACCA-FA6875F402FA} = {0671A9D2-ADD3-4889-9030-C5771109362E}
		{BDD4D553-8B25-4D1E-AC93-2FE60D867914} = {B896B789-AF6E-4FF8-A1D3-82E3D60DF48E}
		{DFD6994E-FECA-4C48-9C18-9DC081B9708D} = {B896B789-AF6E-4FF8-A1D3-82E3D60DF48E}
		{C2F12145-876E-44C8-89A2-42A78CAF9218} = {B896B789-AF6E-4FF8-A1D3-82E3D60DF48E}
		{8039190E-21A6-49BF-8E0F-C73E06F897F2} = {B896B789-AF6E-4FF8-A1D3-82E3D60DF48E}
		{AF0E16A7-2022-47AD-880E-00929434F499} = {B896B789-AF6E-4FF8-A1D3-82E3D60DF48E}
		{2F6B0174-8A6E-4B59-B943-19A68B39F638} = {0016A9F2-ACF5-4F14-A677-10893547B8DA}
	EndGlobalSection
	GlobalSection(ExtensibilityGlobals) = postSolution
		SolutionGuid = {9DEBFCD8-D1B6-4E34-8543-4AA9606E61A1}
	EndGlobalSection
EndGlobal
